// !$*UTF8*$!
{
	archiveVersion = 1;
	classes = {
	};
	objectVersion = 50;
	objects = {

/* Begin PBXBuildFile section */
		8340B7EA235DD1E900F1D8F8 /* AppDelegate.swift in Sources */ = {isa = PBXBuildFile; fileRef = 8340B7E9235DD1E900F1D8F8 /* AppDelegate.swift */; };
		8340B7EC235DD1E900F1D8F8 /* ContentView.swift in Sources */ = {isa = PBXBuildFile; fileRef = 8340B7EB235DD1E900F1D8F8 /* ContentView.swift */; };
		8340B7EE235DD1E900F1D8F8 /* Experience.rcproject in Sources */ = {isa = PBXBuildFile; fileRef = 8340B7ED235DD1E900F1D8F8 /* Experience.rcproject */; };
		8340B7F0235DD1EB00F1D8F8 /* Assets.xcassets in Resources */ = {isa = PBXBuildFile; fileRef = 8340B7EF235DD1EB00F1D8F8 /* Assets.xcassets */; };
		8340B7F3235DD1EB00F1D8F8 /* Preview Assets.xcassets in Resources */ = {isa = PBXBuildFile; fileRef = 8340B7F2235DD1EB00F1D8F8 /* Preview Assets.xcassets */; };
		8340B7F6235DD1EB00F1D8F8 /* LaunchScreen.storyboard in Resources */ = {isa = PBXBuildFile; fileRef = 8340B7F4235DD1EB00F1D8F8 /* LaunchScreen.storyboard */; };
		834BA3D423605DE600F323EF /* ARKit.framework in Frameworks */ = {isa = PBXBuildFile; fileRef = 834BA3D323605DE600F323EF /* ARKit.framework */; };
/* End PBXBuildFile section */

/* Begin PBXFileReference section */
		8340B7E6235DD1E900F1D8F8 /* ARFunnyFace.app */ = {isa = PBXFileReference; explicitFileType = wrapper.application; includeInIndex = 0; path = ARFunnyFace.app; sourceTree = BUILT_PRODUCTS_DIR; };
		8340B7E9235DD1E900F1D8F8 /* AppDelegate.swift */ = {isa = PBXFileReference; lastKnownFileType = sourcecode.swift; path = AppDelegate.swift; sourceTree = "<group>"; };
		8340B7EB235DD1E900F1D8F8 /* ContentView.swift */ = {isa = PBXFileReference; lastKnownFileType = sourcecode.swift; path = ContentView.swift; sourceTree = "<group>"; };
		8340B7ED235DD1E900F1D8F8 /* Experience.rcproject */ = {isa = PBXFileReference; lastKnownFileType = file.rcproject; path = Experience.rcproject; sourceTree = "<group>"; };
		8340B7EF235DD1EB00F1D8F8 /* Assets.xcassets */ = {isa = PBXFileReference; lastKnownFileType = folder.assetcatalog; path = Assets.xcassets; sourceTree = "<group>"; };
		8340B7F2235DD1EB00F1D8F8 /* Preview Assets.xcassets */ = {isa = PBXFileReference; lastKnownFileType = folder.assetcatalog; path = "Preview Assets.xcassets"; sourceTree = "<group>"; };
		8340B7F5235DD1EB00F1D8F8 /* Base */ = {isa = PBXFileReference; lastKnownFileType = file.storyboard; name = Base; path = Base.lproj/LaunchScreen.storyboard; sourceTree = "<group>"; };
		8340B7F7235DD1EB00F1D8F8 /* Info.plist */ = {isa = PBXFileReference; lastKnownFileType = text.plist.xml; path = Info.plist; sourceTree = "<group>"; };
		834BA3D323605DE600F323EF /* ARKit.framework */ = {isa = PBXFileReference; lastKnownFileType = wrapper.framework; name = ARKit.framework; path = System/Library/Frameworks/ARKit.framework; sourceTree = SDKROOT; };
/* End PBXFileReference section */

/* Begin PBXFrameworksBuildPhase section */
		8340B7E3235DD1E900F1D8F8 /* Frameworks */ = {
			isa = PBXFrameworksBuildPhase;
			buildActionMask = 2147483647;
			files = (
				834BA3D423605DE600F323EF /* ARKit.framework in Frameworks */,
			);
			runOnlyForDeploymentPostprocessing = 0;
		};
/* End PBXFrameworksBuildPhase section */

/* Begin PBXGroup section */
		8340B7DD235DD1E900F1D8F8 = {
			isa = PBXGroup;
			children = (
				8340B7E8235DD1E900F1D8F8 /* ARFunnyFace */,
				8340B7E7235DD1E900F1D8F8 /* Products */,
				834BA3D223605DE600F323EF /* Frameworks */,
			);
			sourceTree = "<group>";
		};
		8340B7E7235DD1E900F1D8F8 /* Products */ = {
			isa = PBXGroup;
			children = (
				8340B7E6235DD1E900F1D8F8 /* ARFunnyFace.app */,
			);
			name = Products;
			sourceTree = "<group>";
		};
		8340B7E8235DD1E900F1D8F8 /* ARFunnyFace */ = {
			isa = PBXGroup;
			children = (
				8340B7E9235DD1E900F1D8F8 /* AppDelegate.swift */,
				8340B7EB235DD1E900F1D8F8 /* ContentView.swift */,
				8340B7ED235DD1E900F1D8F8 /* Experience.rcproject */,
				8340B7EF235DD1EB00F1D8F8 /* Assets.xcassets */,
				8340B7F4235DD1EB00F1D8F8 /* LaunchScreen.storyboard */,
				8340B7F7235DD1EB00F1D8F8 /* Info.plist */,
				8340B7F1235DD1EB00F1D8F8 /* Preview Content */,
			);
			path = ARFunnyFace;
			sourceTree = "<group>";
		};
		8340B7F1235DD1EB00F1D8F8 /* Preview Content */ = {
			isa = PBXGroup;
			children = (
				8340B7F2235DD1EB00F1D8F8 /* Preview Assets.xcassets */,
			);
			path = "Preview Content";
			sourceTree = "<group>";
		};
		834BA3D223605DE600F323EF /* Frameworks */ = {
			isa = PBXGroup;
			children = (
				834BA3D323605DE600F323EF /* ARKit.framework */,
			);
			name = Frameworks;
			sourceTree = "<group>";
		};
/* End PBXGroup section */

/* Begin PBXNativeTarget section */
		8340B7E5235DD1E900F1D8F8 /* ARFunnyFace */ = {
			isa = PBXNativeTarget;
			buildConfigurationList = 8340B7FA235DD1EB00F1D8F8 /* Build configuration list for PBXNativeTarget "ARFunnyFace" */;
			buildPhases = (
				8340B7E2235DD1E900F1D8F8 /* Sources */,
				8340B7E3235DD1E900F1D8F8 /* Frameworks */,
				8340B7E4235DD1E900F1D8F8 /* Resources */,
			);
			buildRules = (
			);
			dependencies = (
			);
			name = ARFunnyFace;
			productName = ARFunnyFace;
			productReference = 8340B7E6235DD1E900F1D8F8 /* ARFunnyFace.app */;
			productType = "com.apple.product-type.application";
		};
/* End PBXNativeTarget section */

/* Begin PBXProject section */
		8340B7DE235DD1E900F1D8F8 /* Project object */ = {
			isa = PBXProject;
			attributes = {
				LastSwiftUpdateCheck = 1120;
				LastUpgradeCheck = 1120;
				ORGANIZATIONNAME = "Razeware LLC";
				TargetAttributes = {
					8340B7E5235DD1E900F1D8F8 = {
						CreatedOnToolsVersion = 11.2;
					};
				};
			};
			buildConfigurationList = 8340B7E1235DD1E900F1D8F8 /* Build configuration list for PBXProject "ARFunnyFace" */;
			compatibilityVersion = "Xcode 9.3";
			developmentRegion = en;
			hasScannedForEncodings = 0;
			knownRegions = (
				en,
				Base,
			);
			mainGroup = 8340B7DD235DD1E900F1D8F8;
			productRefGroup = 8340B7E7235DD1E900F1D8F8 /* Products */;
			projectDirPath = "";
			projectRoot = "";
			targets = (
				8340B7E5235DD1E900F1D8F8 /* ARFunnyFace */,
			);
		};
/* End PBXProject section */

/* Begin PBXResourcesBuildPhase section */
		8340B7E4235DD1E900F1D8F8 /* Resources */ = {
			isa = PBXResourcesBuildPhase;
			buildActionMask = 2147483647;
			files = (
				8340B7F6235DD1EB00F1D8F8 /* LaunchScreen.storyboard in Resources */,
				8340B7F3235DD1EB00F1D8F8 /* Preview Assets.xcassets in Resources */,
				8340B7F0235DD1EB00F1D8F8 /* Assets.xcassets in Resources */,
			);
			runOnlyForDeploymentPostprocessing = 0;
		};
/* End PBXResourcesBuildPhase section */

/* Begin PBXSourcesBuildPhase section */
		8340B7E2235DD1E900F1D8F8 /* Sources */ = {
			isa = PBXSourcesBuildPhase;
			buildActionMask = 2147483647;
			files = (
				8340B7EC235DD1E900F1D8F8 /* ContentView.swift in Sources */,
				8340B7EA235DD1E900F1D8F8 /* AppDelegate.swift in Sources */,
				8340B7EE235DD1E900F1D8F8 /* Experience.rcproject in Sources */,
			);
			runOnlyForDeploymentPostprocessing = 0;
		};
/* End PBXSourcesBuildPhase section */

/* Begin PBXVariantGroup section */
		8340B7F4235DD1EB00F1D8F8 /* LaunchScreen.storyboard */ = {
			isa = PBXVariantGroup;
			children = (
				8340B7F5235DD1EB00F1D8F8 /* Base */,
			);
			name = LaunchScreen.storyboard;
			sourceTree = "<group>";
		};
/* End PBXVariantGroup section */

/* Begin XCBuildConfiguration section */
		8340B7F8235DD1EB00F1D8F8 /* Debug */ = {
			isa = XCBuildConfiguration;
			buildSettings = {
				ALWAYS_SEARCH_USER_PATHS = NO;
				CLANG_ANALYZER_NONNULL = YES;
				CLANG_ANALYZER_NUMBER_OBJECT_CONVERSION = YES_AGGRESSIVE;
				CLANG_CXX_LANGUAGE_STANDARD = "gnu++14";
				CLANG_CXX_LIBRARY = "libc++";
				CLANG_ENABLE_MODULES = YES;
				CLANG_ENABLE_OBJC_ARC = YES;
				CLANG_ENABLE_OBJC_WEAK = YES;
				CLANG_WARN_BLOCK_CAPTURE_AUTORELEASING = YES;
				CLANG_WARN_BOOL_CONVERSION = YES;
				CLANG_WARN_COMMA = YES;
				CLANG_WARN_CONSTANT_CONVERSION = YES;
				CLANG_WARN_DEPRECATED_OBJC_IMPLEMENTATIONS = YES;
				CLANG_WARN_DIRECT_OBJC_ISA_USAGE = YES_ERROR;
				CLANG_WARN_DOCUMENTATION_COMMENTS = YES;
				CLANG_WARN_EMPTY_BODY = YES;
				CLANG_WARN_ENUM_CONVERSION = YES;
				CLANG_WARN_INFINITE_RECURSION = YES;
				CLANG_WARN_INT_CONVERSION = YES;
				CLANG_WARN_NON_LITERAL_NULL_CONVERSION = YES;
				CLANG_WARN_OBJC_IMPLICIT_RETAIN_SELF = YES;
				CLANG_WARN_OBJC_LITERAL_CONVERSION = YES;
				CLANG_WARN_OBJC_ROOT_CLASS = YES_ERROR;
				CLANG_WARN_RANGE_LOOP_ANALYSIS = YES;
				CLANG_WARN_STRICT_PROTOTYPES = YES;
				CLANG_WARN_SUSPICIOUS_MOVE = YES;
				CLANG_WARN_UNGUARDED_AVAILABILITY = YES_AGGRESSIVE;
				CLANG_WARN_UNREACHABLE_CODE = YES;
				CLANG_WARN__DUPLICATE_METHOD_MATCH = YES;
				COPY_PHASE_STRIP = NO;
				DEBUG_INFORMATION_FORMAT = dwarf;
				ENABLE_STRICT_OBJC_MSGSEND = YES;
				ENABLE_TESTABILITY = YES;
				GCC_C_LANGUAGE_STANDARD = gnu11;
				GCC_DYNAMIC_NO_PIC = NO;
				GCC_NO_COMMON_BLOCKS = YES;
				GCC_OPTIMIZATION_LEVEL = 0;
				GCC_PREPROCESSOR_DEFINITIONS = (
					"DEBUG=1",
					"$(inherited)",
				);
				GCC_WARN_64_TO_32_BIT_CONVERSION = YES;
				GCC_WARN_ABOUT_RETURN_TYPE = YES_ERROR;
				GCC_WARN_UNDECLARED_SELECTOR = YES;
				GCC_WARN_UNINITIALIZED_AUTOS = YES_AGGRESSIVE;
				GCC_WARN_UNUSED_FUNCTION = YES;
				GCC_WARN_UNUSED_VARIABLE = YES;
				IPHONEOS_DEPLOYMENT_TARGET = 13.2;
				MTL_ENABLE_DEBUG_INFO = INCLUDE_SOURCE;
				MTL_FAST_MATH = YES;
				ONLY_ACTIVE_ARCH = YES;
				SDKROOT = iphoneos;
				SWIFT_ACTIVE_COMPILATION_CONDITIONS = DEBUG;
				SWIFT_OPTIMIZATION_LEVEL = "-Onone";
			};
			name = Debug;
		};
		8340B7F9235DD1EB00F1D8F8 /* Release */ = {
			isa = XCBuildConfiguration;
			buildSettings = {
				ALWAYS_SEARCH_USER_PATHS = NO;
				CLANG_ANALYZER_NONNULL = YES;
				CLANG_ANALYZER_NUMBER_OBJECT_CONVERSION = YES_AGGRESSIVE;
				CLANG_CXX_LANGUAGE_STANDARD = "gnu++14";
				CLANG_CXX_LIBRARY = "libc++";
				CLANG_ENABLE_MODULES = YES;
				CLANG_ENABLE_OBJC_ARC = YES;
				CLANG_ENABLE_OBJC_WEAK = YES;
				CLANG_WARN_BLOCK_CAPTURE_AUTORELEASING = YES;
				CLANG_WARN_BOOL_CONVERSION = YES;
				CLANG_WARN_COMMA = YES;
				CLANG_WARN_CONSTANT_CONVERSION = YES;
				CLANG_WARN_DEPRECATED_OBJC_IMPLEMENTATIONS = YES;
				CLANG_WARN_DIRECT_OBJC_ISA_USAGE = YES_ERROR;
				CLANG_WARN_DOCUMENTATION_COMMENTS = YES;
				CLANG_WARN_EMPTY_BODY = YES;
				CLANG_WARN_ENUM_CONVERSION = YES;
				CLANG_WARN_INFINITE_RECURSION = YES;
				CLANG_WARN_INT_CONVERSION = YES;
				CLANG_WARN_NON_LITERAL_NULL_CONVERSION = YES;
				CLANG_WARN_OBJC_IMPLICIT_RETAIN_SELF = YES;
				CLANG_WARN_OBJC_LITERAL_CONVERSION = YES;
				CLANG_WARN_OBJC_ROOT_CLASS = YES_ERROR;
				CLANG_WARN_RANGE_LOOP_ANALYSIS = YES;
				CLANG_WARN_STRICT_PROTOTYPES = YES;
				CLANG_WARN_SUSPICIOUS_MOVE = YES;
				CLANG_WARN_UNGUARDED_AVAILABILITY = YES_AGGRESSIVE;
				CLANG_WARN_UNREACHABLE_CODE = YES;
				CLANG_WARN__DUPLICATE_METHOD_MATCH = YES;
				COPY_PHASE_STRIP = NO;
				DEBUG_INFORMATION_FORMAT = "dwarf-with-dsym";
				ENABLE_NS_ASSERTIONS = NO;
				ENABLE_STRICT_OBJC_MSGSEND = YES;
				GCC_C_LANGUAGE_STANDARD = gnu11;
				GCC_NO_COMMON_BLOCKS = YES;
				GCC_WARN_64_TO_32_BIT_CONVERSION = YES;
				GCC_WARN_ABOUT_RETURN_TYPE = YES_ERROR;
				GCC_WARN_UNDECLARED_SELECTOR = YES;
				GCC_WARN_UNINITIALIZED_AUTOS = YES_AGGRESSIVE;
				GCC_WARN_UNUSED_FUNCTION = YES;
				GCC_WARN_UNUSED_VARIABLE = YES;
				IPHONEOS_DEPLOYMENT_TARGET = 13.2;
				MTL_ENABLE_DEBUG_INFO = NO;
				MTL_FAST_MATH = YES;
				SDKROOT = iphoneos;
				SWIFT_COMPILATION_MODE = wholemodule;
				SWIFT_OPTIMIZATION_LEVEL = "-O";
				VALIDATE_PRODUCT = YES;
			};
			name = Release;
		};
		8340B7FB235DD1EB00F1D8F8 /* Debug */ = {
			isa = XCBuildConfiguration;
			buildSettings = {
				ASSETCATALOG_COMPILER_APPICON_NAME = AppIcon;
				CODE_SIGN_STYLE = Automatic;
				DEVELOPMENT_ASSET_PATHS = "\"ARFunnyFace/Preview Content\"";
				DEVELOPMENT_TEAM = "";
				ENABLE_PREVIEWS = YES;
				INFOPLIST_FILE = ARFunnyFace/Info.plist;
				IPHONEOS_DEPLOYMENT_TARGET = 13.0;
				LD_RUNPATH_SEARCH_PATHS = (
					"$(inherited)",
					"@executable_path/Frameworks",
				);
				PRODUCT_BUNDLE_IDENTIFIER = com.raywenderlich.ARFunnyFace;
				PRODUCT_NAME = "$(TARGET_NAME)";
				SWIFT_VERSION = 5.0;
				TARGETED_DEVICE_FAMILY = "1,2";
			};
			name = Debug;
		};
		8340B7FC235DD1EB00F1D8F8 /* Release */ = {
			isa = XCBuildConfiguration;
			buildSettings = {
				ASSETCATALOG_COMPILER_APPICON_NAME = AppIcon;
				CODE_SIGN_STYLE = Automatic;
				DEVELOPMENT_ASSET_PATHS = "\"ARFunnyFace/Preview Content\"";
				DEVELOPMENT_TEAM = "";
				ENABLE_PREVIEWS = YES;
				INFOPLIST_FILE = ARFunnyFace/Info.plist;
				IPHONEOS_DEPLOYMENT_TARGET = 13.0;
				LD_RUNPATH_SEARCH_PATHS = (
					"$(inherited)",
					"@executable_path/Frameworks",
				);
				PRODUCT_BUNDLE_IDENTIFIER = com.raywenderlich.ARFunnyFace;
				PRODUCT_NAME = "$(TARGET_NAME)";
				SWIFT_VERSION = 5.0;
				TARGETED_DEVICE_FAMILY = "1,2";
			};
			name = Release;
		};
/* End XCBuildConfiguration section */

/* Begin XCConfigurationList section */
		8340B7E1235DD1E900F1D8F8 /* Build configuration list for PBXProject "ARFunnyFace" */ = {
			isa = XCConfigurationList;
			buildConfigurations = (
				8340B7F8235DD1EB00F1D8F8 /* Debug */,
				8340B7F9235DD1EB00F1D8F8 /* Release */,
			);
			defaultConfigurationIsVisible = 0;
			defaultConfigurationName = Release;
		};
		8340B7FA235DD1EB00F1D8F8 /* Build configuration list for PBXNativeTarget "ARFunnyFace" */ = {
			isa = XCConfigurationList;
			buildConfigurations = (
				8340B7FB235DD1EB00F1D8F8 /* Debug */,
				8340B7FC235DD1EB00F1D8F8 /* Release */,
			);
			defaultConfigurationIsVisible = 0;
			defaultConfigurationName = Release;
		};
/* End XCConfigurationList section */
	};
	rootObject = 8340B7DE235DD1E900F1D8F8 /* Project object */;
}
