// !$*UTF8*$!
{
	archiveVersion = 1;
	classes = {
	};
	objectVersion = 50;
	objects = {

/* Begin PBXBuildFile section */
		83843F6024D3310900E7EF98 /* AppDelegate.swift in Sources */ = {isa = PBXBuildFile; fileRef = 83843F5F24D3310900E7EF98 /* AppDelegate.swift */; };
		83843F6224D3310900E7EF98 /* Scene.sks in Resources */ = {isa = PBXBuildFile; fileRef = 83843F6124D3310900E7EF98 /* Scene.sks */; };
		83843F6424D3310900E7EF98 /* Scene.swift in Sources */ = {isa = PBXBuildFile; fileRef = 83843F6324D3310900E7EF98 /* Scene.swift */; };
		83843F6624D3310900E7EF98 /* ViewController.swift in Sources */ = {isa = PBXBuildFile; fileRef = 83843F6524D3310900E7EF98 /* ViewController.swift */; };
		83843F6924D3310900E7EF98 /* Main.storyboard in Resources */ = {isa = PBXBuildFile; fileRef = 83843F6724D3310900E7EF98 /* Main.storyboard */; };
		83843F6B24D3310A00E7EF98 /* Assets.xcassets in Resources */ = {isa = PBXBuildFile; fileRef = 83843F6A24D3310A00E7EF98 /* Assets.xcassets */; };
		83843F6E24D3310A00E7EF98 /* LaunchScreen.storyboard in Resources */ = {isa = PBXBuildFile; fileRef = 83843F6C24D3310A00E7EF98 /* LaunchScreen.storyboard */; };
/* End PBXBuildFile section */

/* Begin PBXFileReference section */
		83843F5C24D3310900E7EF98 /* EmojiPop.app */ = {isa = PBXFileReference; explicitFileType = wrapper.application; includeInIndex = 0; path = EmojiPop.app; sourceTree = BUILT_PRODUCTS_DIR; };
		83843F5F24D3310900E7EF98 /* AppDelegate.swift */ = {isa = PBXFileReference; lastKnownFileType = sourcecode.swift; path = AppDelegate.swift; sourceTree = "<group>"; };
		83843F6124D3310900E7EF98 /* Scene.sks */ = {isa = PBXFileReference; lastKnownFileType = file.sks; path = Scene.sks; sourceTree = "<group>"; };
		83843F6324D3310900E7EF98 /* Scene.swift */ = {isa = PBXFileReference; lastKnownFileType = sourcecode.swift; path = Scene.swift; sourceTree = "<group>"; };
		83843F6524D3310900E7EF98 /* ViewController.swift */ = {isa = PBXFileReference; lastKnownFileType = sourcecode.swift; path = ViewController.swift; sourceTree = "<group>"; };
		83843F6824D3310900E7EF98 /* Base */ = {isa = PBXFileReference; lastKnownFileType = file.storyboard; name = Base; path = Base.lproj/Main.storyboard; sourceTree = "<group>"; };
		83843F6A24D3310A00E7EF98 /* Assets.xcassets */ = {isa = PBXFileReference; lastKnownFileType = folder.assetcatalog; path = Assets.xcassets; sourceTree = "<group>"; };
		83843F6D24D3310A00E7EF98 /* Base */ = {isa = PBXFileReference; lastKnownFileType = file.storyboard; name = Base; path = Base.lproj/LaunchScreen.storyboard; sourceTree = "<group>"; };
		83843F6F24D3310A00E7EF98 /* Info.plist */ = {isa = PBXFileReference; lastKnownFileType = text.plist.xml; path = Info.plist; sourceTree = "<group>"; };
/* End PBXFileReference section */

/* Begin PBXFrameworksBuildPhase section */
		83843F5924D3310900E7EF98 /* Frameworks */ = {
			isa = PBXFrameworksBuildPhase;
			buildActionMask = 2147483647;
			files = (
			);
			runOnlyForDeploymentPostprocessing = 0;
		};
/* End PBXFrameworksBuildPhase section */

/* Begin PBXGroup section */
		83843F5324D3310900E7EF98 = {
			isa = PBXGroup;
			children = (
				83843F5E24D3310900E7EF98 /* EmojiPop */,
				83843F5D24D3310900E7EF98 /* Products */,
			);
			sourceTree = "<group>";
		};
		83843F5D24D3310900E7EF98 /* Products */ = {
			isa = PBXGroup;
			children = (
				83843F5C24D3310900E7EF98 /* EmojiPop.app */,
			);
			name = Products;
			sourceTree = "<group>";
		};
		83843F5E24D3310900E7EF98 /* EmojiPop */ = {
			isa = PBXGroup;
			children = (
				83843F5F24D3310900E7EF98 /* AppDelegate.swift */,
				83843F6124D3310900E7EF98 /* Scene.sks */,
				83843F6324D3310900E7EF98 /* Scene.swift */,
				83843F6524D3310900E7EF98 /* ViewController.swift */,
				83843F6724D3310900E7EF98 /* Main.storyboard */,
				83843F6A24D3310A00E7EF98 /* Assets.xcassets */,
				83843F6C24D3310A00E7EF98 /* LaunchScreen.storyboard */,
				83843F6F24D3310A00E7EF98 /* Info.plist */,
			);
			path = EmojiPop;
			sourceTree = "<group>";
		};
/* End PBXGroup section */

/* Begin PBXNativeTarget section */
		83843F5B24D3310900E7EF98 /* EmojiPop */ = {
			isa = PBXNativeTarget;
			buildConfigurationList = 83843F7224D3310A00E7EF98 /* Build configuration list for PBXNativeTarget "EmojiPop" */;
			buildPhases = (
				83843F5824D3310900E7EF98 /* Sources */,
				83843F5924D3310900E7EF98 /* Frameworks */,
				83843F5A24D3310900E7EF98 /* Resources */,
			);
			buildRules = (
			);
			dependencies = (
			);
			name = EmojiPop;
			productName = EmojiPop;
			productReference = 83843F5C24D3310900E7EF98 /* EmojiPop.app */;
			productType = "com.apple.product-type.application";
		};
/* End PBXNativeTarget section */

/* Begin PBXProject section */
		83843F5424D3310900E7EF98 /* Project object */ = {
			isa = PBXProject;
			attributes = {
				LastSwiftUpdateCheck = 1200;
				LastUpgradeCheck = 1200;
				TargetAttributes = {
					83843F5B24D3310900E7EF98 = {
						CreatedOnToolsVersion = 12.0;
					};
				};
			};
			buildConfigurationList = 83843F5724D3310900E7EF98 /* Build configuration list for PBXProject "EmojiPop" */;
			compatibilityVersion = "Xcode 9.3";
			developmentRegion = en;
			hasScannedForEncodings = 0;
			knownRegions = (
				en,
				Base,
			);
			mainGroup = 83843F5324D3310900E7EF98;
			productRefGroup = 83843F5D24D3310900E7EF98 /* Products */;
			projectDirPath = "";
			projectRoot = "";
			targets = (
				83843F5B24D3310900E7EF98 /* EmojiPop */,
			);
		};
/* End PBXProject section */

/* Begin PBXResourcesBuildPhase section */
		83843F5A24D3310900E7EF98 /* Resources */ = {
			isa = PBXResourcesBuildPhase;
			buildActionMask = 2147483647;
			files = (
				83843F6224D3310900E7EF98 /* Scene.sks in Resources */,
				83843F6E24D3310A00E7EF98 /* LaunchScreen.storyboard in Resources */,
				83843F6B24D3310A00E7EF98 /* Assets.xcassets in Resources */,
				83843F6924D3310900E7EF98 /* Main.storyboard in Resources */,
			);
			runOnlyForDeploymentPostprocessing = 0;
		};
/* End PBXResourcesBuildPhase section */

/* Begin PBXSourcesBuildPhase section */
		83843F5824D3310900E7EF98 /* Sources */ = {
			isa = PBXSourcesBuildPhase;
			buildActionMask = 2147483647;
			files = (
				83843F6624D3310900E7EF98 /* ViewController.swift in Sources */,
				83843F6424D3310900E7EF98 /* Scene.swift in Sources */,
				83843F6024D3310900E7EF98 /* AppDelegate.swift in Sources */,
			);
			runOnlyForDeploymentPostprocessing = 0;
		};
/* End PBXSourcesBuildPhase section */

/* Begin PBXVariantGroup section */
		83843F6724D3310900E7EF98 /* Main.storyboard */ = {
			isa = PBXVariantGroup;
			children = (
				83843F6824D3310900E7EF98 /* Base */,
			);
			name = Main.storyboard;
			sourceTree = "<group>";
		};
		83843F6C24D3310A00E7EF98 /* LaunchScreen.storyboard */ = {
			isa = PBXVariantGroup;
			children = (
				83843F6D24D3310A00E7EF98 /* Base */,
			);
			name = LaunchScreen.storyboard;
			sourceTree = "<group>";
		};
/* End PBXVariantGroup section */

/* Begin XCBuildConfiguration section */
		83843F7024D3310A00E7EF98 /* Debug */ = {
			isa = XCBuildConfiguration;
			buildSettings = {
				ALWAYS_SEARCH_USER_PATHS = NO;
				CLANG_ANALYZER_NONNULL = YES;
				CLANG_ANALYZER_NUMBER_OBJECT_CONVERSION = YES_AGGRESSIVE;
				CLANG_CXX_LANGUAGE_STANDARD = "gnu++14";
				CLANG_CXX_LIBRARY = "libc++";
				CLANG_ENABLE_MODULES = YES;
				CLANG_ENABLE_OBJC_ARC = YES;
				CLANG_ENABLE_OBJC_WEAK = YES;
				CLANG_WARN_BLOCK_CAPTURE_AUTORELEASING = YES;
				CLANG_WARN_BOOL_CONVERSION = YES;
				CLANG_WARN_COMMA = YES;
				CLANG_WARN_CONSTANT_CONVERSION = YES;
				CLANG_WARN_DEPRECATED_OBJC_IMPLEMENTATIONS = YES;
				CLANG_WARN_DIRECT_OBJC_ISA_USAGE = YES_ERROR;
				CLANG_WARN_DOCUMENTATION_COMMENTS = YES;
				CLANG_WARN_EMPTY_BODY = YES;
				CLANG_WARN_ENUM_CONVERSION = YES;
				CLANG_WARN_INFINITE_RECURSION = YES;
				CLANG_WARN_INT_CONVERSION = YES;
				CLANG_WARN_NON_LITERAL_NULL_CONVERSION = YES;
				CLANG_WARN_OBJC_IMPLICIT_RETAIN_SELF = YES;
				CLANG_WARN_OBJC_LITERAL_CONVERSION = YES;
				CLANG_WARN_OBJC_ROOT_CLASS = YES_ERROR;
				CLANG_WARN_QUOTED_INCLUDE_IN_FRAMEWORK_HEADER = YES;
				CLANG_WARN_RANGE_LOOP_ANALYSIS = YES;
				CLANG_WARN_STRICT_PROTOTYPES = YES;
				CLANG_WARN_SUSPICIOUS_MOVE = YES;
				CLANG_WARN_UNGUARDED_AVAILABILITY = YES_AGGRESSIVE;
				CLANG_WARN_UNREACHABLE_CODE = YES;
				CLANG_WARN__DUPLICATE_METHOD_MATCH = YES;
				COPY_PHASE_STRIP = NO;
				DEBUG_INFORMATION_FORMAT = dwarf;
				ENABLE_STRICT_OBJC_MSGSEND = YES;
				ENABLE_TESTABILITY = YES;
				GCC_C_LANGUAGE_STANDARD = gnu11;
				GCC_DYNAMIC_NO_PIC = NO;
				GCC_NO_COMMON_BLOCKS = YES;
				GCC_OPTIMIZATION_LEVEL = 0;
				GCC_PREPROCESSOR_DEFINITIONS = (
					"DEBUG=1",
					"$(inherited)",
				);
				GCC_WARN_64_TO_32_BIT_CONVERSION = YES;
				GCC_WARN_ABOUT_RETURN_TYPE = YES_ERROR;
				GCC_WARN_UNDECLARED_SELECTOR = YES;
				GCC_WARN_UNINITIALIZED_AUTOS = YES_AGGRESSIVE;
				GCC_WARN_UNUSED_FUNCTION = YES;
				GCC_WARN_UNUSED_VARIABLE = YES;
				IPHONEOS_DEPLOYMENT_TARGET = 14.0;
				MTL_ENABLE_DEBUG_INFO = INCLUDE_SOURCE;
				MTL_FAST_MATH = YES;
				ONLY_ACTIVE_ARCH = YES;
				SDKROOT = iphoneos;
				SWIFT_ACTIVE_COMPILATION_CONDITIONS = DEBUG;
				SWIFT_OPTIMIZATION_LEVEL = "-Onone";
			};
			name = Debug;
		};
		83843F7124D3310A00E7EF98 /* Release */ = {
			isa = XCBuildConfiguration;
			buildSettings = {
				ALWAYS_SEARCH_USER_PATHS = NO;
				CLANG_ANALYZER_NONNULL = YES;
				CLANG_ANALYZER_NUMBER_OBJECT_CONVERSION = YES_AGGRESSIVE;
				CLANG_CXX_LANGUAGE_STANDARD = "gnu++14";
				CLANG_CXX_LIBRARY = "libc++";
				CLANG_ENABLE_MODULES = YES;
				CLANG_ENABLE_OBJC_ARC = YES;
				CLANG_ENABLE_OBJC_WEAK = YES;
				CLANG_WARN_BLOCK_CAPTURE_AUTORELEASING = YES;
				CLANG_WARN_BOOL_CONVERSION = YES;
				CLANG_WARN_COMMA = YES;
				CLANG_WARN_CONSTANT_CONVERSION = YES;
				CLANG_WARN_DEPRECATED_OBJC_IMPLEMENTATIONS = YES;
				CLANG_WARN_DIRECT_OBJC_ISA_USAGE = YES_ERROR;
				CLANG_WARN_DOCUMENTATION_COMMENTS = YES;
				CLANG_WARN_EMPTY_BODY = YES;
				CLANG_WARN_ENUM_CONVERSION = YES;
				CLANG_WARN_INFINITE_RECURSION = YES;
				CLANG_WARN_INT_CONVERSION = YES;
				CLANG_WARN_NON_LITERAL_NULL_CONVERSION = YES;
				CLANG_WARN_OBJC_IMPLICIT_RETAIN_SELF = YES;
				CLANG_WARN_OBJC_LITERAL_CONVERSION = YES;
				CLANG_WARN_OBJC_ROOT_CLASS = YES_ERROR;
				CLANG_WARN_QUOTED_INCLUDE_IN_FRAMEWORK_HEADER = YES;
				CLANG_WARN_RANGE_LOOP_ANALYSIS = YES;
				CLANG_WARN_STRICT_PROTOTYPES = YES;
				CLANG_WARN_SUSPICIOUS_MOVE = YES;
				CLANG_WARN_UNGUARDED_AVAILABILITY = YES_AGGRESSIVE;
				CLANG_WARN_UNREACHABLE_CODE = YES;
				CLANG_WARN__DUPLICATE_METHOD_MATCH = YES;
				COPY_PHASE_STRIP = NO;
				DEBUG_INFORMATION_FORMAT = "dwarf-with-dsym";
				ENABLE_NS_ASSERTIONS = NO;
				ENABLE_STRICT_OBJC_MSGSEND = YES;
				GCC_C_LANGUAGE_STANDARD = gnu11;
				GCC_NO_COMMON_BLOCKS = YES;
				GCC_WARN_64_TO_32_BIT_CONVERSION = YES;
				GCC_WARN_ABOUT_RETURN_TYPE = YES_ERROR;
				GCC_WARN_UNDECLARED_SELECTOR = YES;
				GCC_WARN_UNINITIALIZED_AUTOS = YES_AGGRESSIVE;
				GCC_WARN_UNUSED_FUNCTION = YES;
				GCC_WARN_UNUSED_VARIABLE = YES;
				IPHONEOS_DEPLOYMENT_TARGET = 14.0;
				MTL_ENABLE_DEBUG_INFO = NO;
				MTL_FAST_MATH = YES;
				SDKROOT = iphoneos;
				SWIFT_COMPILATION_MODE = wholemodule;
				SWIFT_OPTIMIZATION_LEVEL = "-O";
				VALIDATE_PRODUCT = YES;
			};
			name = Release;
		};
		83843F7324D3310A00E7EF98 /* Debug */ = {
			isa = XCBuildConfiguration;
			buildSettings = {
				ASSETCATALOG_COMPILER_APPICON_NAME = AppIcon;
				ASSETCATALOG_COMPILER_GLOBAL_ACCENT_COLOR_NAME = AccentColor;
				CODE_SIGN_STYLE = Automatic;
				DEVELOPMENT_TEAM = "";
				INFOPLIST_FILE = EmojiPop/Info.plist;
				LD_RUNPATH_SEARCH_PATHS = (
					"$(inherited)",
					"@executable_path/Frameworks",
				);
				PRODUCT_BUNDLE_IDENTIFIER = com.razeware.EmojiPop;
				PRODUCT_NAME = "$(TARGET_NAME)";
				SWIFT_VERSION = 5.0;
				TARGETED_DEVICE_FAMILY = "1,2";
			};
			name = Debug;
		};
		83843F7424D3310A00E7EF98 /* Release */ = {
			isa = XCBuildConfiguration;
			buildSettings = {
				ASSETCATALOG_COMPILER_APPICON_NAME = AppIcon;
				ASSETCATALOG_COMPILER_GLOBAL_ACCENT_COLOR_NAME = AccentColor;
				CODE_SIGN_STYLE = Automatic;
				DEVELOPMENT_TEAM = "";
				INFOPLIST_FILE = EmojiPop/Info.plist;
				LD_RUNPATH_SEARCH_PATHS = (
					"$(inherited)",
					"@executable_path/Frameworks",
				);
				PRODUCT_BUNDLE_IDENTIFIER = com.razeware.EmojiPop;
				PRODUCT_NAME = "$(TARGET_NAME)";
				SWIFT_VERSION = 5.0;
				TARGETED_DEVICE_FAMILY = "1,2";
			};
			name = Release;
		};
/* End XCBuildConfiguration section */

/* Begin XCConfigurationList section */
		83843F5724D3310900E7EF98 /* Build configuration list for PBXProject "EmojiPop" */ = {
			isa = XCConfigurationList;
			buildConfigurations = (
				83843F7024D3310A00E7EF98 /* Debug */,
				83843F7124D3310A00E7EF98 /* Release */,
			);
			defaultConfigurationIsVisible = 0;
			defaultConfigurationName = Release;
		};
		83843F7224D3310A00E7EF98 /* Build configuration list for PBXNativeTarget "EmojiPop" */ = {
			isa = XCConfigurationList;
			buildConfigurations = (
				83843F7324D3310A00E7EF98 /* Debug */,
				83843F7424D3310A00E7EF98 /* Release */,
			);
			defaultConfigurationIsVisible = 0;
			defaultConfigurationName = Release;
		};
/* End XCConfigurationList section */
	};
	rootObject = 83843F5424D3310900E7EF98 /* Project object */;
}
